
Microsoft Visual Studio Solution File, Format Version 12.00
# Visual Studio 15
VisualStudioVersion = 15.0.28307.136
MinimumVisualStudioVersion = 10.0.40219.1
Project("{FAE04EC0-301F-11D3-BF4B-00C04F79EFBC}") = "BetCalculatorApp.Android", "BetCalculatorApp\BetCalculatorApp.Android\BetCalculatorApp.Android.csproj", "{7DF2F077-DE5C-4DE7-8545-79D1495445A6}"
EndProject
Project("{FAE04EC0-301F-11D3-BF4B-00C04F79EFBC}") = "BetCalculatorApp.iOS", "BetCalculatorApp\BetCalculatorApp.iOS\BetCalculatorApp.iOS.csproj", "{67397E69-AE21-4313-83EB-4F1581851889}"
EndProject
Project("{FAE04EC0-301F-11D3-BF4B-00C04F79EFBC}") = "BetCalculatorApp.UWP", "BetCalculatorApp\BetCalculatorApp.UWP\BetCalculatorApp.UWP.csproj", "{0626949A-029B-4074-90CF-8E638531690D}"
EndProject
Project("{FAE04EC0-301F-11D3-BF4B-00C04F79EFBC}") = "BetCalculatorApp", "BetCalculatorApp\BetCalculatorApp\BetCalculatorApp.csproj", "{F0EDFC5D-CFBB-417D-BBAE-CBE678AE0869}"
EndProject
Global
	GlobalSection(SolutionConfigurationPlatforms) = preSolution
		Ad-Hoc|Any CPU = Ad-Hoc|Any CPU
		Ad-Hoc|ARM = Ad-Hoc|ARM
		Ad-Hoc|iPhone = Ad-Hoc|iPhone
		Ad-Hoc|iPhoneSimulator = Ad-Hoc|iPhoneSimulator
		Ad-Hoc|x64 = Ad-Hoc|x64
		Ad-Hoc|x86 = Ad-Hoc|x86
		AppStore|Any CPU = AppStore|Any CPU
		AppStore|ARM = AppStore|ARM
		AppStore|iPhone = AppStore|iPhone
		AppStore|iPhoneSimulator = AppStore|iPhoneSimulator
		AppStore|x64 = AppStore|x64
		AppStore|x86 = AppStore|x86
		Debug|Any CPU = Debug|Any CPU
		Debug|ARM = Debug|ARM
		Debug|iPhone = Debug|iPhone
		Debug|iPhoneSimulator = Debug|iPhoneSimulator
		Debug|x64 = Debug|x64
		Debug|x86 = Debug|x86
		Release|Any CPU = Release|Any CPU
		Release|ARM = Release|ARM
		Release|iPhone = Release|iPhone
		Release|iPhoneSimulator = Release|iPhoneSimulator
		Release|x64 = Release|x64
		Release|x86 = Release|x86
	EndGlobalSection
	GlobalSection(ProjectConfigurationPlatforms) = postSolution
		{7DF2F077-DE5C-4DE7-8545-79D1495445A6}.Ad-Hoc|Any CPU.ActiveCfg = Release|Any CPU
		{7DF2F077-DE5C-4DE7-8545-79D1495445A6}.Ad-Hoc|Any CPU.Build.0 = Release|Any CPU
		{7DF2F077-DE5C-4DE7-8545-79D1495445A6}.Ad-Hoc|Any CPU.Deploy.0 = Release|Any CPU
		{7DF2F077-DE5C-4DE7-8545-79D1495445A6}.Ad-Hoc|ARM.ActiveCfg = Release|Any CPU
		{7DF2F077-DE5C-4DE7-8545-79D1495445A6}.Ad-Hoc|ARM.Build.0 = Release|Any CPU
		{7DF2F077-DE5C-4DE7-8545-79D1495445A6}.Ad-Hoc|ARM.Deploy.0 = Release|Any CPU
		{7DF2F077-DE5C-4DE7-8545-79D1495445A6}.Ad-Hoc|iPhone.ActiveCfg = Release|Any CPU
		{7DF2F077-DE5C-4DE7-8545-79D1495445A6}.Ad-Hoc|iPhone.Build.0 = Release|Any CPU
		{7DF2F077-DE5C-4DE7-8545-79D1495445A6}.Ad-Hoc|iPhone.Deploy.0 = Release|Any CPU
		{7DF2F077-DE5C-4DE7-8545-79D1495445A6}.Ad-Hoc|iPhoneSimulator.ActiveCfg = Release|Any CPU
		{7DF2F077-DE5C-4DE7-8545-79D1495445A6}.Ad-Hoc|iPhoneSimulator.Build.0 = Release|Any CPU
		{7DF2F077-DE5C-4DE7-8545-79D1495445A6}.Ad-Hoc|iPhoneSimulator.Deploy.0 = Release|Any CPU
		{7DF2F077-DE5C-4DE7-8545-79D1495445A6}.Ad-Hoc|x64.ActiveCfg = Release|Any CPU
		{7DF2F077-DE5C-4DE7-8545-79D1495445A6}.Ad-Hoc|x64.Build.0 = Release|Any CPU
		{7DF2F077-DE5C-4DE7-8545-79D1495445A6}.Ad-Hoc|x64.Deploy.0 = Release|Any CPU
		{7DF2F077-DE5C-4DE7-8545-79D1495445A6}.Ad-Hoc|x86.ActiveCfg = Release|Any CPU
		{7DF2F077-DE5C-4DE7-8545-79D1495445A6}.Ad-Hoc|x86.Build.0 = Release|Any CPU
		{7DF2F077-DE5C-4DE7-8545-79D1495445A6}.Ad-Hoc|x86.Deploy.0 = Release|Any CPU
		{7DF2F077-DE5C-4DE7-8545-79D1495445A6}.AppStore|Any CPU.ActiveCfg = Release|Any CPU
		{7DF2F077-DE5C-4DE7-8545-79D1495445A6}.AppStore|Any CPU.Build.0 = Release|Any CPU
		{7DF2F077-DE5C-4DE7-8545-79D1495445A6}.AppStore|Any CPU.Deploy.0 = Release|Any CPU
		{7DF2F077-DE5C-4DE7-8545-79D1495445A6}.AppStore|ARM.ActiveCfg = Release|Any CPU
		{7DF2F077-DE5C-4DE7-8545-79D1495445A6}.AppStore|ARM.Build.0 = Release|Any CPU
		{7DF2F077-DE5C-4DE7-8545-79D1495445A6}.AppStore|ARM.Deploy.0 = Release|Any CPU
		{7DF2F077-DE5C-4DE7-8545-79D1495445A6}.AppStore|iPhone.ActiveCfg = Release|Any CPU
		{7DF2F077-DE5C-4DE7-8545-79D1495445A6}.AppStore|iPhone.Build.0 = Release|Any CPU
		{7DF2F077-DE5C-4DE7-8545-79D1495445A6}.AppStore|iPhone.Deploy.0 = Release|Any CPU
		{7DF2F077-DE5C-4DE7-8545-79D1495445A6}.AppStore|iPhoneSimulator.ActiveCfg = Release|Any CPU
		{7DF2F077-DE5C-4DE7-8545-79D1495445A6}.AppStore|iPhoneSimulator.Build.0 = Release|Any CPU
		{7DF2F077-DE5C-4DE7-8545-79D1495445A6}.AppStore|iPhoneSimulator.Deploy.0 = Release|Any CPU
		{7DF2F077-DE5C-4DE7-8545-79D1495445A6}.AppStore|x64.ActiveCfg = Release|Any CPU
		{7DF2F077-DE5C-4DE7-8545-79D1495445A6}.AppStore|x64.Build.0 = Release|Any CPU
		{7DF2F077-DE5C-4DE7-8545-79D1495445A6}.AppStore|x64.Deploy.0 = Release|Any CPU
		{7DF2F077-DE5C-4DE7-8545-79D1495445A6}.AppStore|x86.ActiveCfg = Release|Any CPU
		{7DF2F077-DE5C-4DE7-8545-79D1495445A6}.AppStore|x86.Build.0 = Release|Any CPU
		{7DF2F077-DE5C-4DE7-8545-79D1495445A6}.AppStore|x86.Deploy.0 = Release|Any CPU
		{7DF2F077-DE5C-4DE7-8545-79D1495445A6}.Debug|Any CPU.ActiveCfg = Debug|Any CPU
		{7DF2F077-DE5C-4DE7-8545-79D1495445A6}.Debug|Any CPU.Build.0 = Debug|Any CPU
		{7DF2F077-DE5C-4DE7-8545-79D1495445A6}.Debug|Any CPU.Deploy.0 = Debug|Any CPU
		{7DF2F077-DE5C-4DE7-8545-79D1495445A6}.Debug|ARM.ActiveCfg = Debug|Any CPU
		{7DF2F077-DE5C-4DE7-8545-79D1495445A6}.Debug|ARM.Build.0 = Debug|Any CPU
		{7DF2F077-DE5C-4DE7-8545-79D1495445A6}.Debug|ARM.Deploy.0 = Debug|Any CPU
		{7DF2F077-DE5C-4DE7-8545-79D1495445A6}.Debug|iPhone.ActiveCfg = Debug|Any CPU
		{7DF2F077-DE5C-4DE7-8545-79D1495445A6}.Debug|iPhone.Build.0 = Debug|Any CPU
		{7DF2F077-DE5C-4DE7-8545-79D1495445A6}.Debug|iPhone.Deploy.0 = Debug|Any CPU
		{7DF2F077-DE5C-4DE7-8545-79D1495445A6}.Debug|iPhoneSimulator.ActiveCfg = Debug|Any CPU
		{7DF2F077-DE5C-4DE7-8545-79D1495445A6}.Debug|iPhoneSimulator.Build.0 = Debug|Any CPU
		{7DF2F077-DE5C-4DE7-8545-79D1495445A6}.Debug|iPhoneSimulator.Deploy.0 = Debug|Any CPU
		{7DF2F077-DE5C-4DE7-8545-79D1495445A6}.Debug|x64.ActiveCfg = Debug|Any CPU
		{7DF2F077-DE5C-4DE7-8545-79D1495445A6}.Debug|x64.Build.0 = Debug|Any CPU
		{7DF2F077-DE5C-4DE7-8545-79D1495445A6}.Debug|x64.Deploy.0 = Debug|Any CPU
		{7DF2F077-DE5C-4DE7-8545-79D1495445A6}.Debug|x86.ActiveCfg = Debug|Any CPU
		{7DF2F077-DE5C-4DE7-8545-79D1495445A6}.Debug|x86.Build.0 = Debug|Any CPU
		{7DF2F077-DE5C-4DE7-8545-79D1495445A6}.Debug|x86.Deploy.0 = Debug|Any CPU
		{7DF2F077-DE5C-4DE7-8545-79D1495445A6}.Release|Any CPU.ActiveCfg = Release|Any CPU
		{7DF2F077-DE5C-4DE7-8545-79D1495445A6}.Release|Any CPU.Build.0 = Release|Any CPU
		{7DF2F077-DE5C-4DE7-8545-79D1495445A6}.Release|Any CPU.Deploy.0 = Release|Any CPU
		{7DF2F077-DE5C-4DE7-8545-79D1495445A6}.Release|ARM.ActiveCfg = Release|Any CPU
		{7DF2F077-DE5C-4DE7-8545-79D1495445A6}.Release|ARM.Build.0 = Release|Any CPU
		{7DF2F077-DE5C-4DE7-8545-79D1495445A6}.Release|ARM.Deploy.0 = Release|Any CPU
		{7DF2F077-DE5C-4DE7-8545-79D1495445A6}.Release|iPhone.ActiveCfg = Release|Any CPU
		{7DF2F077-DE5C-4DE7-8545-79D1495445A6}.Release|iPhone.Build.0 = Release|Any CPU
		{7DF2F077-DE5C-4DE7-8545-79D1495445A6}.Release|iPhone.Deploy.0 = Release|Any CPU
		{7DF2F077-DE5C-4DE7-8545-79D1495445A6}.Release|iPhoneSimulator.ActiveCfg = Release|Any CPU
		{7DF2F077-DE5C-4DE7-8545-79D1495445A6}.Release|iPhoneSimulator.Build.0 = Release|Any CPU
		{7DF2F077-DE5C-4DE7-8545-79D1495445A6}.Release|iPhoneSimulator.Deploy.0 = Release|Any CPU
		{7DF2F077-DE5C-4DE7-8545-79D1495445A6}.Release|x64.ActiveCfg = Release|Any CPU
		{7DF2F077-DE5C-4DE7-8545-79D1495445A6}.Release|x64.Build.0 = Release|Any CPU
		{7DF2F077-DE5C-4DE7-8545-79D1495445A6}.Release|x64.Deploy.0 = Release|Any CPU
		{7DF2F077-DE5C-4DE7-8545-79D1495445A6}.Release|x86.ActiveCfg = Release|Any CPU
		{7DF2F077-DE5C-4DE7-8545-79D1495445A6}.Release|x86.Build.0 = Release|Any CPU
		{7DF2F077-DE5C-4DE7-8545-79D1495445A6}.Release|x86.Deploy.0 = Release|Any CPU
		{67397E69-AE21-4313-83EB-4F1581851889}.Ad-Hoc|Any CPU.ActiveCfg = Ad-Hoc|iPhone
		{67397E69-AE21-4313-83EB-4F1581851889}.Ad-Hoc|Any CPU.Build.0 = Ad-Hoc|iPhone
		{67397E69-AE21-4313-83EB-4F1581851889}.Ad-Hoc|Any CPU.Deploy.0 = Ad-Hoc|iPhone
		{67397E69-AE21-4313-83EB-4F1581851889}.Ad-Hoc|ARM.ActiveCfg = Ad-Hoc|iPhone
		{67397E69-AE21-4313-83EB-4F1581851889}.Ad-Hoc|ARM.Build.0 = Ad-Hoc|iPhone
		{67397E69-AE21-4313-83EB-4F1581851889}.Ad-Hoc|ARM.Deploy.0 = Ad-Hoc|iPhone
		{67397E69-AE21-4313-83EB-4F1581851889}.Ad-Hoc|iPhone.ActiveCfg = Ad-Hoc|iPhone
		{67397E69-AE21-4313-83EB-4F1581851889}.Ad-Hoc|iPhone.Build.0 = Ad-Hoc|iPhone
		{67397E69-AE21-4313-83EB-4F1581851889}.Ad-Hoc|iPhone.Deploy.0 = Ad-Hoc|iPhone
		{67397E69-AE21-4313-83EB-4F1581851889}.Ad-Hoc|iPhoneSimulator.ActiveCfg = Ad-Hoc|iPhoneSimulator
		{67397E69-AE21-4313-83EB-4F1581851889}.Ad-Hoc|iPhoneSimulator.Build.0 = Ad-Hoc|iPhoneSimulator
		{67397E69-AE21-4313-83EB-4F1581851889}.Ad-Hoc|iPhoneSimulator.Deploy.0 = Ad-Hoc|iPhoneSimulator
		{67397E69-AE21-4313-83EB-4F1581851889}.Ad-Hoc|x64.ActiveCfg = Ad-Hoc|iPhone
		{67397E69-AE21-4313-83EB-4F1581851889}.Ad-Hoc|x64.Build.0 = Ad-Hoc|iPhone
		{67397E69-AE21-4313-83EB-4F1581851889}.Ad-Hoc|x64.Deploy.0 = Ad-Hoc|iPhone
		{67397E69-AE21-4313-83EB-4F1581851889}.Ad-Hoc|x86.ActiveCfg = Ad-Hoc|iPhone
		{67397E69-AE21-4313-83EB-4F1581851889}.Ad-Hoc|x86.Build.0 = Ad-Hoc|iPhone
		{67397E69-AE21-4313-83EB-4F1581851889}.Ad-Hoc|x86.Deploy.0 = Ad-Hoc|iPhone
		{67397E69-AE21-4313-83EB-4F1581851889}.AppStore|Any CPU.ActiveCfg = AppStore|iPhone
		{67397E69-AE21-4313-83EB-4F1581851889}.AppStore|Any CPU.Build.0 = AppStore|iPhone
		{67397E69-AE21-4313-83EB-4F1581851889}.AppStore|Any CPU.Deploy.0 = AppStore|iPhone
		{67397E69-AE21-4313-83EB-4F1581851889}.AppStore|ARM.ActiveCfg = AppStore|iPhone
		{67397E69-AE21-4313-83EB-4F1581851889}.AppStore|ARM.Build.0 = AppStore|iPhone
		{67397E69-AE21-4313-83EB-4F1581851889}.AppStore|ARM.Deploy.0 = AppStore|iPhone
		{67397E69-AE21-4313-83EB-4F1581851889}.AppStore|iPhone.ActiveCfg = AppStore|iPhone
		{67397E69-AE21-4313-83EB-4F1581851889}.AppStore|iPhone.Build.0 = AppStore|iPhone
		{67397E69-AE21-4313-83EB-4F1581851889}.AppStore|iPhone.Deploy.0 = AppStore|iPhone
		{67397E69-AE21-4313-83EB-4F1581851889}.AppStore|iPhoneSimulator.ActiveCfg = AppStore|iPhoneSimulator
		{67397E69-AE21-4313-83EB-4F1581851889}.AppStore|iPhoneSimulator.Build.0 = AppStore|iPhoneSimulator
		{67397E69-AE21-4313-83EB-4F1581851889}.AppStore|iPhoneSimulator.Deploy.0 = AppStore|iPhoneSimulator
		{67397E69-AE21-4313-83EB-4F1581851889}.AppStore|x64.ActiveCfg = AppStore|iPhone
		{67397E69-AE21-4313-83EB-4F1581851889}.AppStore|x64.Build.0 = AppStore|iPhone
		{67397E69-AE21-4313-83EB-4F1581851889}.AppStore|x64.Deploy.0 = AppStore|iPhone
		{67397E69-AE21-4313-83EB-4F1581851889}.AppStore|x86.ActiveCfg = AppStore|iPhone
		{67397E69-AE21-4313-83EB-4F1581851889}.AppStore|x86.Build.0 = AppStore|iPhone
		{67397E69-AE21-4313-83EB-4F1581851889}.AppStore|x86.Deploy.0 = AppStore|iPhone
		{67397E69-AE21-4313-83EB-4F1581851889}.Debug|Any CPU.ActiveCfg = Debug|iPhoneSimulator
		{67397E69-AE21-4313-83EB-4F1581851889}.Debug|Any CPU.Build.0 = Debug|iPhoneSimulator
		{67397E69-AE21-4313-83EB-4F1581851889}.Debug|Any CPU.Deploy.0 = Debug|iPhoneSimulator
		{67397E69-AE21-4313-83EB-4F1581851889}.Debug|ARM.ActiveCfg = Debug|iPhone
		{67397E69-AE21-4313-83EB-4F1581851889}.Debug|ARM.Build.0 = Debug|iPhone
		{67397E69-AE21-4313-83EB-4F1581851889}.Debug|ARM.Deploy.0 = Debug|iPhone
		{67397E69-AE21-4313-83EB-4F1581851889}.Debug|iPhone.ActiveCfg = Debug|iPhone
		{67397E69-AE21-4313-83EB-4F1581851889}.Debug|iPhone.Build.0 = Debug|iPhone
		{67397E69-AE21-4313-83EB-4F1581851889}.Debug|iPhone.Deploy.0 = Debug|iPhone
		{67397E69-AE21-4313-83EB-4F1581851889}.Debug|iPhoneSimulator.ActiveCfg = Debug|iPhoneSimulator
		{67397E69-AE21-4313-83EB-4F1581851889}.Debug|iPhoneSimulator.Build.0 = Debug|iPhoneSimulator
		{67397E69-AE21-4313-83EB-4F1581851889}.Debug|iPhoneSimulator.Deploy.0 = Debug|iPhoneSimulator
		{67397E69-AE21-4313-83EB-4F1581851889}.Debug|x64.ActiveCfg = Debug|iPhone
		{67397E69-AE21-4313-83EB-4F1581851889}.Debug|x64.Build.0 = Debug|iPhone
		{67397E69-AE21-4313-83EB-4F1581851889}.Debug|x64.Deploy.0 = Debug|iPhone
		{67397E69-AE21-4313-83EB-4F1581851889}.Debug|x86.ActiveCfg = Debug|iPhone
		{67397E69-AE21-4313-83EB-4F1581851889}.Debug|x86.Build.0 = Debug|iPhone
		{67397E69-AE21-4313-83EB-4F1581851889}.Debug|x86.Deploy.0 = Debug|iPhone
		{67397E69-AE21-4313-83EB-4F1581851889}.Release|Any CPU.ActiveCfg = Release|iPhone
		{67397E69-AE21-4313-83EB-4F1581851889}.Release|Any CPU.Build.0 = Release|iPhone
		{67397E69-AE21-4313-83EB-4F1581851889}.Release|Any CPU.Deploy.0 = Release|iPhone
		{67397E69-AE21-4313-83EB-4F1581851889}.Release|ARM.ActiveCfg = Release|iPhone
		{67397E69-AE21-4313-83EB-4F1581851889}.Release|ARM.Build.0 = Release|iPhone
		{67397E69-AE21-4313-83EB-4F1581851889}.Release|ARM.Deploy.0 = Release|iPhone
		{67397E69-AE21-4313-83EB-4F1581851889}.Release|iPhone.ActiveCfg = Release|iPhone
		{67397E69-AE21-4313-83EB-4F1581851889}.Release|iPhone.Build.0 = Release|iPhone
		{67397E69-AE21-4313-83EB-4F1581851889}.Release|iPhone.Deploy.0 = Release|iPhone
		{67397E69-AE21-4313-83EB-4F1581851889}.Release|iPhoneSimulator.ActiveCfg = Release|iPhoneSimulator
		{67397E69-AE21-4313-83EB-4F1581851889}.Release|iPhoneSimulator.Build.0 = Release|iPhoneSimulator
		{67397E69-AE21-4313-83EB-4F1581851889}.Release|iPhoneSimulator.Deploy.0 = Release|iPhoneSimulator
		{67397E69-AE21-4313-83EB-4F1581851889}.Release|x64.ActiveCfg = Release|iPhone
		{67397E69-AE21-4313-83EB-4F1581851889}.Release|x64.Build.0 = Release|iPhone
		{67397E69-AE21-4313-83EB-4F1581851889}.Release|x64.Deploy.0 = Release|iPhone
		{67397E69-AE21-4313-83EB-4F1581851889}.Release|x86.ActiveCfg = Release|iPhone
		{67397E69-AE21-4313-83EB-4F1581851889}.Release|x86.Build.0 = Release|iPhone
		{67397E69-AE21-4313-83EB-4F1581851889}.Release|x86.Deploy.0 = Release|iPhone
		{0626949A-029B-4074-90CF-8E638531690D}.Ad-Hoc|Any CPU.ActiveCfg = Release|x86
		{0626949A-029B-4074-90CF-8E638531690D}.Ad-Hoc|Any CPU.Build.0 = Release|x86
		{0626949A-029B-4074-90CF-8E638531690D}.Ad-Hoc|Any CPU.Deploy.0 = Release|x86
		{0626949A-029B-4074-90CF-8E638531690D}.Ad-Hoc|ARM.ActiveCfg = Release|ARM
		{0626949A-029B-4074-90CF-8E638531690D}.Ad-Hoc|ARM.Build.0 = Release|ARM
		{0626949A-029B-4074-90CF-8E638531690D}.Ad-Hoc|ARM.Deploy.0 = Release|ARM
		{0626949A-029B-4074-90CF-8E638531690D}.Ad-Hoc|iPhone.ActiveCfg = Release|x86
		{0626949A-029B-4074-90CF-8E638531690D}.Ad-Hoc|iPhone.Build.0 = Release|x86
		{0626949A-029B-4074-90CF-8E638531690D}.Ad-Hoc|iPhone.Deploy.0 = Release|x86
		{0626949A-029B-4074-90CF-8E638531690D}.Ad-Hoc|iPhoneSimulator.ActiveCfg = Release|x86
		{0626949A-029B-4074-90CF-8E638531690D}.Ad-Hoc|iPhoneSimulator.Build.0 = Release|x86
		{0626949A-029B-4074-90CF-8E638531690D}.Ad-Hoc|iPhoneSimulator.Deploy.0 = Release|x86
		{0626949A-029B-4074-90CF-8E638531690D}.Ad-Hoc|x64.ActiveCfg = Release|x64
		{0626949A-029B-4074-90CF-8E638531690D}.Ad-Hoc|x64.Build.0 = Release|x64
		{0626949A-029B-4074-90CF-8E638531690D}.Ad-Hoc|x64.Deploy.0 = Release|x64
		{0626949A-029B-4074-90CF-8E638531690D}.Ad-Hoc|x86.ActiveCfg = Release|x86
		{0626949A-029B-4074-90CF-8E638531690D}.Ad-Hoc|x86.Build.0 = Release|x86
		{0626949A-029B-4074-90CF-8E638531690D}.Ad-Hoc|x86.Deploy.0 = Release|x86
		{0626949A-029B-4074-90CF-8E638531690D}.AppStore|Any CPU.ActiveCfg = Release|x86
		{0626949A-029B-4074-90CF-8E638531690D}.AppStore|Any CPU.Build.0 = Release|x86
		{0626949A-029B-4074-90CF-8E638531690D}.AppStore|Any CPU.Deploy.0 = Release|x86
		{0626949A-029B-4074-90CF-8E638531690D}.AppStore|ARM.ActiveCfg = Release|ARM
		{0626949A-029B-4074-90CF-8E638531690D}.AppStore|ARM.Build.0 = Release|ARM
		{0626949A-029B-4074-90CF-8E638531690D}.AppStore|ARM.Deploy.0 = Release|ARM
		{0626949A-029B-4074-90CF-8E638531690D}.AppStore|iPhone.ActiveCfg = Release|x86
		{0626949A-029B-4074-90CF-8E638531690D}.AppStore|iPhone.Build.0 = Release|x86
		{0626949A-029B-4074-90CF-8E638531690D}.AppStore|iPhone.Deploy.0 = Release|x86
		{0626949A-029B-4074-90CF-8E638531690D}.AppStore|iPhoneSimulator.ActiveCfg = Release|x86
		{0626949A-029B-4074-90CF-8E638531690D}.AppStore|iPhoneSimulator.Build.0 = Release|x86
		{0626949A-029B-4074-90CF-8E638531690D}.AppStore|iPhoneSimulator.Deploy.0 = Release|x86
		{0626949A-029B-4074-90CF-8E638531690D}.AppStore|x64.ActiveCfg = Release|x64
		{0626949A-029B-4074-90CF-8E638531690D}.AppStore|x64.Build.0 = Release|x64
		{0626949A-029B-4074-90CF-8E638531690D}.AppStore|x64.Deploy.0 = Release|x64
		{0626949A-029B-4074-90CF-8E638531690D}.AppStore|x86.ActiveCfg = Release|x86
		{0626949A-029B-4074-90CF-8E638531690D}.AppStore|x86.Build.0 = Release|x86
		{0626949A-029B-4074-90CF-8E638531690D}.AppStore|x86.Deploy.0 = Release|x86
		{0626949A-029B-4074-90CF-8E638531690D}.Debug|Any CPU.ActiveCfg = Debug|x86
		{0626949A-029B-4074-90CF-8E638531690D}.Debug|Any CPU.Build.0 = Debug|x86
		{0626949A-029B-4074-90CF-8E638531690D}.Debug|Any CPU.Deploy.0 = Debug|x86
		{0626949A-029B-4074-90CF-8E638531690D}.Debug|ARM.ActiveCfg = Debug|ARM
		{0626949A-029B-4074-90CF-8E638531690D}.Debug|ARM.Build.0 = Debug|ARM
		{0626949A-029B-4074-90CF-8E638531690D}.Debug|ARM.Deploy.0 = Debug|ARM
		{0626949A-029B-4074-90CF-8E638531690D}.Debug|iPhone.ActiveCfg = Debug|x86
		{0626949A-029B-4074-90CF-8E638531690D}.Debug|iPhone.Build.0 = Debug|x86
		{0626949A-029B-4074-90CF-8E638531690D}.Debug|iPhone.Deploy.0 = Debug|x86
		{0626949A-029B-4074-90CF-8E638531690D}.Debug|iPhoneSimulator.ActiveCfg = Debug|x86
		{0626949A-029B-4074-90CF-8E638531690D}.Debug|iPhoneSimulator.Build.0 = Debug|x86
		{0626949A-029B-4074-90CF-8E638531690D}.Debug|iPhoneSimulator.Deploy.0 = Debug|x86
		{0626949A-029B-4074-90CF-8E638531690D}.Debug|x64.ActiveCfg = Debug|x64
		{0626949A-029B-4074-90CF-8E638531690D}.Debug|x64.Build.0 = Debug|x64
		{0626949A-029B-4074-90CF-8E638531690D}.Debug|x64.Deploy.0 = Debug|x64
		{0626949A-029B-4074-90CF-8E638531690D}.Debug|x86.ActiveCfg = Debug|x86
		{0626949A-029B-4074-90CF-8E638531690D}.Debug|x86.Build.0 = Debug|x86
		{0626949A-029B-4074-90CF-8E638531690D}.Debug|x86.Deploy.0 = Debug|x86
		{0626949A-029B-4074-90CF-8E638531690D}.Release|Any CPU.ActiveCfg = Release|x86
		{0626949A-029B-4074-90CF-8E638531690D}.Release|Any CPU.Build.0 = Release|x86
		{0626949A-029B-4074-90CF-8E638531690D}.Release|Any CPU.Deploy.0 = Release|x86
		{0626949A-029B-4074-90CF-8E638531690D}.Release|ARM.ActiveCfg = Release|ARM
		{0626949A-029B-4074-90CF-8E638531690D}.Release|ARM.Build.0 = Release|ARM
		{0626949A-029B-4074-90CF-8E638531690D}.Release|ARM.Deploy.0 = Release|ARM
		{0626949A-029B-4074-90CF-8E638531690D}.Release|iPhone.ActiveCfg = Release|x86
		{0626949A-029B-4074-90CF-8E638531690D}.Release|iPhone.Build.0 = Release|x86
		{0626949A-029B-4074-90CF-8E638531690D}.Release|iPhone.Deploy.0 = Release|x86
		{0626949A-029B-4074-90CF-8E638531690D}.Release|iPhoneSimulator.ActiveCfg = Release|x86
		{0626949A-029B-4074-90CF-8E638531690D}.Release|iPhoneSimulator.Build.0 = Release|x86
		{0626949A-029B-4074-90CF-8E638531690D}.Release|iPhoneSimulator.Deploy.0 = Release|x86
		{0626949A-029B-4074-90CF-8E638531690D}.Release|x64.ActiveCfg = Release|x64
		{0626949A-029B-4074-90CF-8E638531690D}.Release|x64.Build.0 = Release|x64
		{0626949A-029B-4074-90CF-8E638531690D}.Release|x64.Deploy.0 = Release|x64
		{0626949A-029B-4074-90CF-8E638531690D}.Release|x86.ActiveCfg = Release|x86
		{0626949A-029B-4074-90CF-8E638531690D}.Release|x86.Build.0 = Release|x86
		{0626949A-029B-4074-90CF-8E638531690D}.Release|x86.Deploy.0 = Release|x86
		{F0EDFC5D-CFBB-417D-BBAE-CBE678AE0869}.Ad-Hoc|Any CPU.ActiveCfg = Debug|Any CPU
		{F0EDFC5D-CFBB-417D-BBAE-CBE678AE0869}.Ad-Hoc|Any CPU.Build.0 = Debug|Any CPU
		{F0EDFC5D-CFBB-417D-BBAE-CBE678AE0869}.Ad-Hoc|Any CPU.Deploy.0 = Debug|Any CPU
		{F0EDFC5D-CFBB-417D-BBAE-CBE678AE0869}.Ad-Hoc|ARM.ActiveCfg = Debug|Any CPU
		{F0EDFC5D-CFBB-417D-BBAE-CBE678AE0869}.Ad-Hoc|ARM.Build.0 = Debug|Any CPU
		{F0EDFC5D-CFBB-417D-BBAE-CBE678AE0869}.Ad-Hoc|ARM.Deploy.0 = Debug|Any CPU
		{F0EDFC5D-CFBB-417D-BBAE-CBE678AE0869}.Ad-Hoc|iPhone.ActiveCfg = Debug|Any CPU
		{F0EDFC5D-CFBB-417D-BBAE-CBE678AE0869}.Ad-Hoc|iPhone.Build.0 = Debug|Any CPU
		{F0EDFC5D-CFBB-417D-BBAE-CBE678AE0869}.Ad-Hoc|iPhone.Deploy.0 = Debug|Any CPU
		{F0EDFC5D-CFBB-417D-BBAE-CBE678AE0869}.Ad-Hoc|iPhoneSimulator.ActiveCfg = Debug|Any CPU
		{F0EDFC5D-CFBB-417D-BBAE-CBE678AE0869}.Ad-Hoc|iPhoneSimulator.Build.0 = Debug|Any CPU
		{F0EDFC5D-CFBB-417D-BBAE-CBE678AE0869}.Ad-Hoc|iPhoneSimulator.Deploy.0 = Debug|Any CPU
		{F0EDFC5D-CFBB-417D-BBAE-CBE678AE0869}.Ad-Hoc|x64.ActiveCfg = Debug|Any CPU
		{F0EDFC5D-CFBB-417D-BBAE-CBE678AE0869}.Ad-Hoc|x64.Build.0 = Debug|Any CPU
		{F0EDFC5D-CFBB-417D-BBAE-CBE678AE0869}.Ad-Hoc|x64.Deploy.0 = Debug|Any CPU
		{F0EDFC5D-CFBB-417D-BBAE-CBE678AE0869}.Ad-Hoc|x86.ActiveCfg = Debug|Any CPU
		{F0EDFC5D-CFBB-417D-BBAE-CBE678AE0869}.Ad-Hoc|x86.Build.0 = Debug|Any CPU
		{F0EDFC5D-CFBB-417D-BBAE-CBE678AE0869}.Ad-Hoc|x86.Deploy.0 = Debug|Any CPU
		{F0EDFC5D-CFBB-417D-BBAE-CBE678AE0869}.AppStore|Any CPU.ActiveCfg = Debug|Any CPU
		{F0EDFC5D-CFBB-417D-BBAE-CBE678AE0869}.AppStore|Any CPU.Build.0 = Debug|Any CPU
		{F0EDFC5D-CFBB-417D-BBAE-CBE678AE0869}.AppStore|Any CPU.Deploy.0 = Debug|Any CPU
		{F0EDFC5D-CFBB-417D-BBAE-CBE678AE0869}.AppStore|ARM.ActiveCfg = Debug|Any CPU
		{F0EDFC5D-CFBB-417D-BBAE-CBE678AE0869}.AppStore|ARM.Build.0 = Debug|Any CPU
		{F0EDFC5D-CFBB-417D-BBAE-CBE678AE0869}.AppStore|ARM.Deploy.0 = Debug|Any CPU
		{F0EDFC5D-CFBB-417D-BBAE-CBE678AE0869}.AppStore|iPhone.ActiveCfg = Debug|Any CPU
		{F0EDFC5D-CFBB-417D-BBAE-CBE678AE0869}.AppStore|iPhone.Build.0 = Debug|Any CPU
		{F0EDFC5D-CFBB-417D-BBAE-CBE678AE0869}.AppStore|iPhone.Deploy.0 = Debug|Any CPU
		{F0EDFC5D-CFBB-417D-BBAE-CBE678AE0869}.AppStore|iPhoneSimulator.ActiveCfg = Debug|Any CPU
		{F0EDFC5D-CFBB-417D-BBAE-CBE678AE0869}.AppStore|iPhoneSimulator.Build.0 = Debug|Any CPU
		{F0EDFC5D-CFBB-417D-BBAE-CBE678AE0869}.AppStore|iPhoneSimulator.Deploy.0 = Debug|Any CPU
		{F0EDFC5D-CFBB-417D-BBAE-CBE678AE0869}.AppStore|x64.ActiveCfg = Debug|Any CPU
		{F0EDFC5D-CFBB-417D-BBAE-CBE678AE0869}.AppStore|x64.Build.0 = Debug|Any CPU
		{F0EDFC5D-CFBB-417D-BBAE-CBE678AE0869}.AppStore|x64.Deploy.0 = Debug|Any CPU
		{F0EDFC5D-CFBB-417D-BBAE-CBE678AE0869}.AppStore|x86.ActiveCfg = Debug|Any CPU
		{F0EDFC5D-CFBB-417D-BBAE-CBE678AE0869}.AppStore|x86.Build.0 = Debug|Any CPU
		{F0EDFC5D-CFBB-417D-BBAE-CBE678AE0869}.AppStore|x86.Deploy.0 = Debug|Any CPU
		{F0EDFC5D-CFBB-417D-BBAE-CBE678AE0869}.Debug|Any CPU.ActiveCfg = Debug|Any CPU
		{F0EDFC5D-CFBB-417D-BBAE-CBE678AE0869}.Debug|Any CPU.Build.0 = Debug|Any CPU
		{F0EDFC5D-CFBB-417D-BBAE-CBE678AE0869}.Debug|Any CPU.Deploy.0 = Debug|Any CPU
		{F0EDFC5D-CFBB-417D-BBAE-CBE678AE0869}.Debug|ARM.ActiveCfg = Debug|Any CPU
		{F0EDFC5D-CFBB-417D-BBAE-CBE678AE0869}.Debug|ARM.Build.0 = Debug|Any CPU
		{F0EDFC5D-CFBB-417D-BBAE-CBE678AE0869}.Debug|ARM.Deploy.0 = Debug|Any CPU
		{F0EDFC5D-CFBB-417D-BBAE-CBE678AE0869}.Debug|iPhone.ActiveCfg = Debug|Any CPU
		{F0EDFC5D-CFBB-417D-BBAE-CBE678AE0869}.Debug|iPhone.Build.0 = Debug|Any CPU
		{F0EDFC5D-CFBB-417D-BBAE-CBE678AE0869}.Debug|iPhone.Deploy.0 = Debug|Any CPU
		{F0EDFC5D-CFBB-417D-BBAE-CBE678AE0869}.Debug|iPhoneSimulator.ActiveCfg = Debug|Any CPU
		{F0EDFC5D-CFBB-417D-BBAE-CBE678AE0869}.Debug|iPhoneSimulator.Build.0 = Debug|Any CPU
		{F0EDFC5D-CFBB-417D-BBAE-CBE678AE0869}.Debug|iPhoneSimulator.Deploy.0 = Debug|Any CPU
		{F0EDFC5D-CFBB-417D-BBAE-CBE678AE0869}.Debug|x64.ActiveCfg = Debug|Any CPU
		{F0EDFC5D-CFBB-417D-BBAE-CBE678AE0869}.Debug|x64.Build.0 = Debug|Any CPU
		{F0EDFC5D-CFBB-417D-BBAE-CBE678AE0869}.Debug|x64.Deploy.0 = Debug|Any CPU
		{F0EDFC5D-CFBB-417D-BBAE-CBE678AE0869}.Debug|x86.ActiveCfg = Debug|Any CPU
		{F0EDFC5D-CFBB-417D-BBAE-CBE678AE0869}.Debug|x86.Build.0 = Debug|Any CPU
		{F0EDFC5D-CFBB-417D-BBAE-CBE678AE0869}.Debug|x86.Deploy.0 = Debug|Any CPU
		{F0EDFC5D-CFBB-417D-BBAE-CBE678AE0869}.Release|Any CPU.ActiveCfg = Release|Any CPU
		{F0EDFC5D-CFBB-417D-BBAE-CBE678AE0869}.Release|Any CPU.Build.0 = Release|Any CPU
		{F0EDFC5D-CFBB-417D-BBAE-CBE678AE0869}.Release|Any CPU.Deploy.0 = Release|Any CPU
		{F0EDFC5D-CFBB-417D-BBAE-CBE678AE0869}.Release|ARM.ActiveCfg = Release|Any CPU
		{F0EDFC5D-CFBB-417D-BBAE-CBE678AE0869}.Release|ARM.Build.0 = Release|Any CPU
		{F0EDFC5D-CFBB-417D-BBAE-CBE678AE0869}.Release|ARM.Deploy.0 = Release|Any CPU
		{F0EDFC5D-CFBB-417D-BBAE-CBE678AE0869}.Release|iPhone.ActiveCfg = Release|Any CPU
		{F0EDFC5D-CFBB-417D-BBAE-CBE678AE0869}.Release|iPhone.Build.0 = Release|Any CPU
		{F0EDFC5D-CFBB-417D-BBAE-CBE678AE0869}.Release|iPhone.Deploy.0 = Release|Any CPU
		{F0EDFC5D-CFBB-417D-BBAE-CBE678AE0869}.Release|iPhoneSimulator.ActiveCfg = Release|Any CPU
		{F0EDFC5D-CFBB-417D-BBAE-CBE678AE0869}.Release|iPhoneSimulator.Build.0 = Release|Any CPU
		{F0EDFC5D-CFBB-417D-BBAE-CBE678AE0869}.Release|iPhoneSimulator.Deploy.0 = Release|Any CPU
		{F0EDFC5D-CFBB-417D-BBAE-CBE678AE0869}.Release|x64.ActiveCfg = Release|Any CPU
		{F0EDFC5D-CFBB-417D-BBAE-CBE678AE0869}.Release|x64.Build.0 = Release|Any CPU
		{F0EDFC5D-CFBB-417D-BBAE-CBE678AE0869}.Release|x64.Deploy.0 = Release|Any CPU
		{F0EDFC5D-CFBB-417D-BBAE-CBE678AE0869}.Release|x86.ActiveCfg = Release|Any CPU
		{F0EDFC5D-CFBB-417D-BBAE-CBE678AE0869}.Release|x86.Build.0 = Release|Any CPU
		{F0EDFC5D-CFBB-417D-BBAE-CBE678AE0869}.Release|x86.Deploy.0 = Release|Any CPU
	EndGlobalSection
	GlobalSection(SolutionProperties) = preSolution
		HideSolutionNode = FALSE
	EndGlobalSection
	GlobalSection(ExtensibilityGlobals) = postSolution
		SolutionGuid = {7C753663-482C-4E1E-8CA8-81F61B5E59A2}
	EndGlobalSection
EndGlobal
